
Microsoft Visual Studio Solution File, Format Version 12.00
# Visual Studio 15
VisualStudioVersion = 15.0.28307.168
MinimumVisualStudioVersion = 10.0.40219.1
Project("{FAE04EC0-301F-11D3-BF4B-00C04F79EFBC}") = "Spell-Checker", "Spell-Checker\Spell-Checker.csproj", "{5D7457A0-9509-4AA2-94F9-E845D1C5A813}"
EndProject
Global
	GlobalSection(SolutionConfigurationPlatforms) = preSolution
		Debug|Any CPU = Debug|Any CPU
		Release|Any CPU = Release|Any CPU
	EndGlobalSection
	GlobalSection(ProjectConfigurationPlatforms) = postSolution
		{5D7457A0-9509-4AA2-94F9-E845D1C5A813}.Debug|Any CPU.ActiveCfg = Debug|Any CPU
		{5D7457A0-9509-4AA2-94F9-E845D1C5A813}.Debug|Any CPU.Build.0 = Debug|Any CPU
		{5D7457A0-9509-4AA2-94F9-E845D1C5A813}.Release|Any CPU.ActiveCfg = Release|Any CPU
		{5D7457A0-9509-4AA2-94F9-E845D1C5A813}.Release|Any CPU.Build.0 = Release|Any CPU
	EndGlobalSection
	GlobalSection(SolutionProperties) = preSolution
		HideSolutionNode = FALSE
	EndGlobalSection
	GlobalSection(ExtensibilityGlobals) = postSolution
		SolutionGuid = {747B4658-A4A5-446C-B03A-06B8179DCDBF}
	EndGlobalSection
EndGlobal
